
Microsoft Visual Studio Solution File, Format Version 12.00
# Visual Studio Version 17
VisualStudioVersion = 17.8.34408.163
MinimumVisualStudioVersion = 10.0.40219.1
Project("{2150E333-8FDC-42A3-9474-1A3956D46DE8}") = "src", "src", "{E4629186-62A3-4369-AC74-805672DE361C}"
EndProject
Project("{2150E333-8FDC-42A3-9474-1A3956D46DE8}") = "test", "test", "{85056094-2312-4FAE-9732-4B094923CEF7}"
EndProject
Project("{2150E333-8FDC-42A3-9474-1A3956D46DE8}") = "Core", "Core", "{E744B84D-57B6-4920-9E73-EF108CC14A8C}"
EndProject
Project("{2150E333-8FDC-42A3-9474-1A3956D46DE8}") = "UI", "UI", "{6FE71BF8-AF11-4A9C-9D12-1631CDD57137}"
EndProject
Project("{2150E333-8FDC-42A3-9474-1A3956D46DE8}") = "Infrastructure", "Infrastructure", "{6664814B-BF93-48C3-934E-4A7740720F1C}"
EndProject
Project("{2150E333-8FDC-42A3-9474-1A3956D46DE8}") = "API", "API", "{9C49C593-1860-4347-AD09-4ACCBEB4FDD0}"
EndProject
Project("{9A19103F-16F7-4668-BE54-9A1E7A4F7556}") = "GenshinTools.Domain", "GenshinTools.Domain\GenshinTools.Domain.csproj", "{E9571DD4-4F01-4584-BD54-3802AD115FAA}"
EndProject
Project("{9A19103F-16F7-4668-BE54-9A1E7A4F7556}") = "GenshinTools.Application", "GenshinTools.Application\GenshinTools.Application.csproj", "{44A3CE4C-48C7-4331-AD47-E10600854DE6}"
EndProject
Project("{9A19103F-16F7-4668-BE54-9A1E7A4F7556}") = "GenshinTools.Persistence", "GenshinTools.Persistence\GenshinTools.Persistence.csproj", "{213931F5-5A3E-4AF7-B98C-AF852E7BCEC6}"
	ProjectSection(ProjectDependencies) = postProject
		{E9571DD4-4F01-4584-BD54-3802AD115FAA} = {E9571DD4-4F01-4584-BD54-3802AD115FAA}
	EndProjectSection
EndProject
Project("{9A19103F-16F7-4668-BE54-9A1E7A4F7556}") = "GenshinTools.API", "GenshinTools.API\GenshinTools.API.csproj", "{8A1A1827-F12A-4985-A5A8-B8D42D638584}"
EndProject
Project("{9A19103F-16F7-4668-BE54-9A1E7A4F7556}") = "GenshinTools.Application.UnitTests", "GenshinTools.Application.UnitTests\GenshinTools.Application.UnitTests.csproj", "{43E8B044-1975-4027-B5B1-7B2895BD7217}"
EndProject
Project("{FAE04EC0-301F-11D3-BF4B-00C04F79EFBC}") = "GenshinTools.BlazorUI", "GenshinTools.BlazorUI\GenshinTools.BlazorUI.csproj", "{9ECC353A-BFA8-4FD1-876F-5C32520CFED9}"
EndProject
Global
	GlobalSection(SolutionConfigurationPlatforms) = preSolution
		Debug|Any CPU = Debug|Any CPU
		Release|Any CPU = Release|Any CPU
	EndGlobalSection
	GlobalSection(ProjectConfigurationPlatforms) = postSolution
		{E9571DD4-4F01-4584-BD54-3802AD115FAA}.Debug|Any CPU.ActiveCfg = Debug|Any CPU
		{E9571DD4-4F01-4584-BD54-3802AD115FAA}.Debug|Any CPU.Build.0 = Debug|Any CPU
		{E9571DD4-4F01-4584-BD54-3802AD115FAA}.Release|Any CPU.ActiveCfg = Release|Any CPU
		{E9571DD4-4F01-4584-BD54-3802AD115FAA}.Release|Any CPU.Build.0 = Release|Any CPU
		{44A3CE4C-48C7-4331-AD47-E10600854DE6}.Debug|Any CPU.ActiveCfg = Debug|Any CPU
		{44A3CE4C-48C7-4331-AD47-E10600854DE6}.Debug|Any CPU.Build.0 = Debug|Any CPU
		{44A3CE4C-48C7-4331-AD47-E10600854DE6}.Release|Any CPU.ActiveCfg = Release|Any CPU
		{44A3CE4C-48C7-4331-AD47-E10600854DE6}.Release|Any CPU.Build.0 = Release|Any CPU
		{213931F5-5A3E-4AF7-B98C-AF852E7BCEC6}.Debug|Any CPU.ActiveCfg = Debug|Any CPU
		{213931F5-5A3E-4AF7-B98C-AF852E7BCEC6}.Debug|Any CPU.Build.0 = Debug|Any CPU
		{213931F5-5A3E-4AF7-B98C-AF852E7BCEC6}.Release|Any CPU.ActiveCfg = Release|Any CPU
		{213931F5-5A3E-4AF7-B98C-AF852E7BCEC6}.Release|Any CPU.Build.0 = Release|Any CPU
		{8A1A1827-F12A-4985-A5A8-B8D42D638584}.Debug|Any CPU.ActiveCfg = Debug|Any CPU
		{8A1A1827-F12A-4985-A5A8-B8D42D638584}.Debug|Any CPU.Build.0 = Debug|Any CPU
		{8A1A1827-F12A-4985-A5A8-B8D42D638584}.Release|Any CPU.ActiveCfg = Release|Any CPU
		{8A1A1827-F12A-4985-A5A8-B8D42D638584}.Release|Any CPU.Build.0 = Release|Any CPU
		{43E8B044-1975-4027-B5B1-7B2895BD7217}.Debug|Any CPU.ActiveCfg = Debug|Any CPU
		{43E8B044-1975-4027-B5B1-7B2895BD7217}.Debug|Any CPU.Build.0 = Debug|Any CPU
		{43E8B044-1975-4027-B5B1-7B2895BD7217}.Release|Any CPU.ActiveCfg = Release|Any CPU
		{43E8B044-1975-4027-B5B1-7B2895BD7217}.Release|Any CPU.Build.0 = Release|Any CPU
		{9ECC353A-BFA8-4FD1-876F-5C32520CFED9}.Debug|Any CPU.ActiveCfg = Debug|Any CPU
		{9ECC353A-BFA8-4FD1-876F-5C32520CFED9}.Debug|Any CPU.Build.0 = Debug|Any CPU
		{9ECC353A-BFA8-4FD1-876F-5C32520CFED9}.Release|Any CPU.ActiveCfg = Release|Any CPU
		{9ECC353A-BFA8-4FD1-876F-5C32520CFED9}.Release|Any CPU.Build.0 = Release|Any CPU
	EndGlobalSection
	GlobalSection(SolutionProperties) = preSolution
		HideSolutionNode = FALSE
	EndGlobalSection
	GlobalSection(NestedProjects) = preSolution
		{E744B84D-57B6-4920-9E73-EF108CC14A8C} = {E4629186-62A3-4369-AC74-805672DE361C}
		{6FE71BF8-AF11-4A9C-9D12-1631CDD57137} = {E4629186-62A3-4369-AC74-805672DE361C}
		{6664814B-BF93-48C3-934E-4A7740720F1C} = {E4629186-62A3-4369-AC74-805672DE361C}
		{9C49C593-1860-4347-AD09-4ACCBEB4FDD0} = {E4629186-62A3-4369-AC74-805672DE361C}
		{E9571DD4-4F01-4584-BD54-3802AD115FAA} = {E744B84D-57B6-4920-9E73-EF108CC14A8C}
		{44A3CE4C-48C7-4331-AD47-E10600854DE6} = {E744B84D-57B6-4920-9E73-EF108CC14A8C}
		{213931F5-5A3E-4AF7-B98C-AF852E7BCEC6} = {6664814B-BF93-48C3-934E-4A7740720F1C}
		{8A1A1827-F12A-4985-A5A8-B8D42D638584} = {9C49C593-1860-4347-AD09-4ACCBEB4FDD0}
		{43E8B044-1975-4027-B5B1-7B2895BD7217} = {85056094-2312-4FAE-9732-4B094923CEF7}
		{9ECC353A-BFA8-4FD1-876F-5C32520CFED9} = {6FE71BF8-AF11-4A9C-9D12-1631CDD57137}
	EndGlobalSection
	GlobalSection(ExtensibilityGlobals) = postSolution
		SolutionGuid = {999283A4-700F-4624-ADC4-91B3205E8BF0}
	EndGlobalSection
EndGlobal
